
Microsoft Visual Studio Solution File, Format Version 12.00
# Visual Studio Version 17
VisualStudioVersion = 17.10.35122.118
MinimumVisualStudioVersion = 10.0.40219.1
Project("{FAE04EC0-301F-11D3-BF4B-00C04F79EFBC}") = "HomeworkClass02", "HomeworkClass02\HomeworkClass02.csproj", "{DC895CDE-10E9-4AC7-9036-446F05545FD0}"
EndProject
Global
	GlobalSection(SolutionConfigurationPlatforms) = preSolution
		Debug|Any CPU = Debug|Any CPU
		Release|Any CPU = Release|Any CPU
	EndGlobalSection
	GlobalSection(ProjectConfigurationPlatforms) = postSolution
		{DC895CDE-10E9-4AC7-9036-446F05545FD0}.Debug|Any CPU.ActiveCfg = Debug|Any CPU
		{DC895CDE-10E9-4AC7-9036-446F05545FD0}.Debug|Any CPU.Build.0 = Debug|Any CPU
		{DC895CDE-10E9-4AC7-9036-446F05545FD0}.Release|Any CPU.ActiveCfg = Release|Any CPU
		{DC895CDE-10E9-4AC7-9036-446F05545FD0}.Release|Any CPU.Build.0 = Release|Any CPU
	EndGlobalSection
	GlobalSection(SolutionProperties) = preSolution
		HideSolutionNode = FALSE
	EndGlobalSection
	GlobalSection(ExtensibilityGlobals) = postSolution
		SolutionGuid = {847FACC7-9462-494E-A668-21CB36A49148}
	EndGlobalSection
EndGlobal
