
Microsoft Visual Studio Solution File, Format Version 12.00
# Visual Studio Version 17
VisualStudioVersion = 17.10.35122.118
MinimumVisualStudioVersion = 10.0.40219.1
Project("{FAE04EC0-301F-11D3-BF4B-00C04F79EFBC}") = "BooksApi", "BooksApi\BooksApi.csproj", "{C599E1E7-7107-4EEC-9702-4E72EAF97C0B}"
EndProject
Global
	GlobalSection(SolutionConfigurationPlatforms) = preSolution
		Debug|Any CPU = Debug|Any CPU
		Release|Any CPU = Release|Any CPU
	EndGlobalSection
	GlobalSection(ProjectConfigurationPlatforms) = postSolution
		{C599E1E7-7107-4EEC-9702-4E72EAF97C0B}.Debug|Any CPU.ActiveCfg = Debug|Any CPU
		{C599E1E7-7107-4EEC-9702-4E72EAF97C0B}.Debug|Any CPU.Build.0 = Debug|Any CPU
		{C599E1E7-7107-4EEC-9702-4E72EAF97C0B}.Release|Any CPU.ActiveCfg = Release|Any CPU
		{C599E1E7-7107-4EEC-9702-4E72EAF97C0B}.Release|Any CPU.Build.0 = Release|Any CPU
	EndGlobalSection
	GlobalSection(SolutionProperties) = preSolution
		HideSolutionNode = FALSE
	EndGlobalSection
	GlobalSection(ExtensibilityGlobals) = postSolution
		SolutionGuid = {7862F977-37D0-4357-88FE-54C353917A49}
	EndGlobalSection
EndGlobal
