
Microsoft Visual Studio Solution File, Format Version 12.00
# Visual Studio Version 17
VisualStudioVersion = 17.9.34622.214
MinimumVisualStudioVersion = 10.0.40219.1
Project("{9A19103F-16F7-4668-BE54-9A1E7A4F7556}") = "RealCalculator", "RealCalculator\RealCalculator.csproj", "{03464FC9-C73E-4280-89AF-8A58521A609E}"
EndProject
Project("{9A19103F-16F7-4668-BE54-9A1E7A4F7556}") = "AverageNumber", "AverageNumber\AverageNumber.csproj", "{FB041212-E7D6-4A81-9DBC-23CBF5DA1489}"
EndProject
Project("{FAE04EC0-301F-11D3-BF4B-00C04F79EFBC}") = "SwapNumbers", "SwapNumbers\SwapNumbers.csproj", "{F31BBC3C-65E4-420D-96F3-193E677F1ED9}"
EndProject
Global
	GlobalSection(SolutionConfigurationPlatforms) = preSolution
		Debug|Any CPU = Debug|Any CPU
		Release|Any CPU = Release|Any CPU
	EndGlobalSection
	GlobalSection(ProjectConfigurationPlatforms) = postSolution
		{03464FC9-C73E-4280-89AF-8A58521A609E}.Debug|Any CPU.ActiveCfg = Debug|Any CPU
		{03464FC9-C73E-4280-89AF-8A58521A609E}.Debug|Any CPU.Build.0 = Debug|Any CPU
		{03464FC9-C73E-4280-89AF-8A58521A609E}.Release|Any CPU.ActiveCfg = Release|Any CPU
		{03464FC9-C73E-4280-89AF-8A58521A609E}.Release|Any CPU.Build.0 = Release|Any CPU
		{FB041212-E7D6-4A81-9DBC-23CBF5DA1489}.Debug|Any CPU.ActiveCfg = Debug|Any CPU
		{FB041212-E7D6-4A81-9DBC-23CBF5DA1489}.Debug|Any CPU.Build.0 = Debug|Any CPU
		{FB041212-E7D6-4A81-9DBC-23CBF5DA1489}.Release|Any CPU.ActiveCfg = Release|Any CPU
		{FB041212-E7D6-4A81-9DBC-23CBF5DA1489}.Release|Any CPU.Build.0 = Release|Any CPU
		{F31BBC3C-65E4-420D-96F3-193E677F1ED9}.Debug|Any CPU.ActiveCfg = Debug|Any CPU
		{F31BBC3C-65E4-420D-96F3-193E677F1ED9}.Debug|Any CPU.Build.0 = Debug|Any CPU
		{F31BBC3C-65E4-420D-96F3-193E677F1ED9}.Release|Any CPU.ActiveCfg = Release|Any CPU
		{F31BBC3C-65E4-420D-96F3-193E677F1ED9}.Release|Any CPU.Build.0 = Release|Any CPU
	EndGlobalSection
	GlobalSection(SolutionProperties) = preSolution
		HideSolutionNode = FALSE
	EndGlobalSection
	GlobalSection(ExtensibilityGlobals) = postSolution
		SolutionGuid = {5C039244-F99C-4D9D-BE7E-A8915E6C280E}
	EndGlobalSection
EndGlobal
